
Microsoft Visual Studio Solution File, Format Version 12.00
# Visual Studio Version 17
VisualStudioVersion = 17.0.31903.59
MinimumVisualStudioVersion = 10.0.40219.1
Project("{FAE04EC0-301F-11D3-BF4B-00C04F79EFBC}") = "StructureProgramming", "StructureProgramming\StructureProgramming.csproj", "{7FD118EE-8928-479D-B08C-CBF36C066654}"
EndProject
Project("{FAE04EC0-301F-11D3-BF4B-00C04F79EFBC}") = "Object-orientedProgramming", "Object-orientedProgramming\Object-orientedProgramming.csproj", "{8D21E33B-9FFA-41BD-9F48-DA7FF40236FA}"
EndProject
Project("{FAE04EC0-301F-11D3-BF4B-00C04F79EFBC}") = "FunctionalProgramming", "FunctionalProgramming\FunctionalProgramming.csproj", "{E4FD0317-4C72-41AC-834C-0962FE382520}"
EndProject
Global
	GlobalSection(SolutionConfigurationPlatforms) = preSolution
		Debug|Any CPU = Debug|Any CPU
		Release|Any CPU = Release|Any CPU
	EndGlobalSection
	GlobalSection(SolutionProperties) = preSolution
		HideSolutionNode = FALSE
	EndGlobalSection
	GlobalSection(ProjectConfigurationPlatforms) = postSolution
		{7FD118EE-8928-479D-B08C-CBF36C066654}.Debug|Any CPU.ActiveCfg = Debug|Any CPU
		{7FD118EE-8928-479D-B08C-CBF36C066654}.Debug|Any CPU.Build.0 = Debug|Any CPU
		{7FD118EE-8928-479D-B08C-CBF36C066654}.Release|Any CPU.ActiveCfg = Release|Any CPU
		{7FD118EE-8928-479D-B08C-CBF36C066654}.Release|Any CPU.Build.0 = Release|Any CPU
		{8D21E33B-9FFA-41BD-9F48-DA7FF40236FA}.Debug|Any CPU.ActiveCfg = Debug|Any CPU
		{8D21E33B-9FFA-41BD-9F48-DA7FF40236FA}.Debug|Any CPU.Build.0 = Debug|Any CPU
		{8D21E33B-9FFA-41BD-9F48-DA7FF40236FA}.Release|Any CPU.ActiveCfg = Release|Any CPU
		{8D21E33B-9FFA-41BD-9F48-DA7FF40236FA}.Release|Any CPU.Build.0 = Release|Any CPU
		{E4FD0317-4C72-41AC-834C-0962FE382520}.Debug|Any CPU.ActiveCfg = Debug|Any CPU
		{E4FD0317-4C72-41AC-834C-0962FE382520}.Debug|Any CPU.Build.0 = Debug|Any CPU
		{E4FD0317-4C72-41AC-834C-0962FE382520}.Release|Any CPU.ActiveCfg = Release|Any CPU
		{E4FD0317-4C72-41AC-834C-0962FE382520}.Release|Any CPU.Build.0 = Release|Any CPU
	EndGlobalSection
EndGlobal
